# This file is @generated by PDM.
# It is not intended for manual editing.

[metadata]
groups = ["default"]
strategy = ["inherit_metadata"]
lock_version = "4.5.0"
content_hash = "sha256:18fa30fa9f9e9b43b8292bf2fb718642b6d2d38f4d430e9583aca564ed034272"

[[metadata.targets]]
requires_python = "==3.11.*"

[[package]]
name = "pycairo"
version = "1.28.0"
requires_python = ">=3.9"
summary = "Python interface for cairo"
groups = ["default"]
files = [
    {file = "pycairo-1.28.0-cp311-cp311-win32.whl", hash = "sha256:0fee15f5d72b13ba5fd065860312493dc1bca6ff2dce200ee9d704e11c94e60a"},
    {file = "pycairo-1.28.0-cp311-cp311-win_amd64.whl", hash = "sha256:6339979bfec8b58a06476094a9a5c104bd5a99932ddaff16ca0d9203d2f4482c"},
    {file = "pycairo-1.28.0-cp311-cp311-win_arm64.whl", hash = "sha256:c6ae15392e28ebfc0b35d8dc05d395d3b6be4bad9ad4caecf0fa12c8e7150225"},
    {file = "pycairo-1.28.0.tar.gz", hash = "sha256:26ec5c6126781eb167089a123919f87baa2740da2cca9098be8b3a6b91cc5fbc"},
]

[[package]]
name = "pygobject"
version = "3.42.2"
requires_python = ">=3.6, <4"
summary = "Python bindings for GObject Introspection"
groups = ["default"]
dependencies = [
    "pycairo<2.0,>=1.16",
]
files = [
    {file = "PyGObject-3.42.2.tar.gz", hash = "sha256:21524cef33100c8fd59dc135948b703d79d303e368ce71fa60521cc971cd8aa7"},
]
